
Microsoft Visual Studio Solution File, Format Version 12.00
# Visual Studio Version 17
VisualStudioVersion = 17.10.35122.118
MinimumVisualStudioVersion = 10.0.40219.1
Project("{FAE04EC0-301F-11D3-BF4B-00C04F79EFBC}") = "Marketplace", "Marketplace\Marketplace.csproj", "{B196ACF2-9183-48D0-8613-3E15790A3691}"
EndProject
Global
	GlobalSection(SolutionConfigurationPlatforms) = preSolution
		Debug|Any CPU = Debug|Any CPU
		Release|Any CPU = Release|Any CPU
	EndGlobalSection
	GlobalSection(ProjectConfigurationPlatforms) = postSolution
		{B196ACF2-9183-48D0-8613-3E15790A3691}.Debug|Any CPU.ActiveCfg = Debug|Any CPU
		{B196ACF2-9183-48D0-8613-3E15790A3691}.Debug|Any CPU.Build.0 = Debug|Any CPU
		{B196ACF2-9183-48D0-8613-3E15790A3691}.Release|Any CPU.ActiveCfg = Release|Any CPU
		{B196ACF2-9183-48D0-8613-3E15790A3691}.Release|Any CPU.Build.0 = Release|Any CPU
	EndGlobalSection
	GlobalSection(SolutionProperties) = preSolution
		HideSolutionNode = FALSE
	EndGlobalSection
	GlobalSection(ExtensibilityGlobals) = postSolution
		SolutionGuid = {D380D84B-3094-4E97-A872-3BD148927120}
	EndGlobalSection
EndGlobal
